
Microsoft Visual Studio Solution File, Format Version 12.00
# Visual Studio Version 16
VisualStudioVersion = 16.0.31515.178
MinimumVisualStudioVersion = 10.0.40219.1
Project("{FAE04EC0-301F-11D3-BF4B-00C04F79EFBC}") = "SQLiteDBTest", "SQLiteDBTest\SQLiteDBTest.csproj", "{50892543-AA9F-47F9-A1CF-D16DED325D93}"
EndProject
Project("{FAE04EC0-301F-11D3-BF4B-00C04F79EFBC}") = "SQLiteHelper", "SQLiteHelper\SQLiteHelper.csproj", "{F207307A-746D-49E1-81C6-67CD095CF7D2}"
EndProject
Project("{FAE04EC0-301F-11D3-BF4B-00C04F79EFBC}") = "SQLiteHelper.Test", "SQLiteHelper.Test\SQLiteHelper.Test.csproj", "{D0AA1C10-9F48-4F2F-852D-9EE59FCC2B86}"
EndProject
Global
	GlobalSection(SolutionConfigurationPlatforms) = preSolution
		Debug|Any CPU = Debug|Any CPU
		Release|Any CPU = Release|Any CPU
	EndGlobalSection
	GlobalSection(ProjectConfigurationPlatforms) = postSolution
		{50892543-AA9F-47F9-A1CF-D16DED325D93}.Debug|Any CPU.ActiveCfg = Debug|Any CPU
		{50892543-AA9F-47F9-A1CF-D16DED325D93}.Debug|Any CPU.Build.0 = Debug|Any CPU
		{50892543-AA9F-47F9-A1CF-D16DED325D93}.Release|Any CPU.ActiveCfg = Release|Any CPU
		{50892543-AA9F-47F9-A1CF-D16DED325D93}.Release|Any CPU.Build.0 = Release|Any CPU
		{F207307A-746D-49E1-81C6-67CD095CF7D2}.Debug|Any CPU.ActiveCfg = Debug|Any CPU
		{F207307A-746D-49E1-81C6-67CD095CF7D2}.Debug|Any CPU.Build.0 = Debug|Any CPU
		{F207307A-746D-49E1-81C6-67CD095CF7D2}.Release|Any CPU.ActiveCfg = Release|Any CPU
		{F207307A-746D-49E1-81C6-67CD095CF7D2}.Release|Any CPU.Build.0 = Release|Any CPU
		{D0AA1C10-9F48-4F2F-852D-9EE59FCC2B86}.Debug|Any CPU.ActiveCfg = Debug|Any CPU
		{D0AA1C10-9F48-4F2F-852D-9EE59FCC2B86}.Debug|Any CPU.Build.0 = Debug|Any CPU
		{D0AA1C10-9F48-4F2F-852D-9EE59FCC2B86}.Release|Any CPU.ActiveCfg = Release|Any CPU
		{D0AA1C10-9F48-4F2F-852D-9EE59FCC2B86}.Release|Any CPU.Build.0 = Release|Any CPU
	EndGlobalSection
	GlobalSection(SolutionProperties) = preSolution
		HideSolutionNode = FALSE
	EndGlobalSection
	GlobalSection(ExtensibilityGlobals) = postSolution
		SolutionGuid = {7BCB81EE-7A65-47A7-9B29-DD83180D6208}
	EndGlobalSection
EndGlobal
